
Microsoft Visual Studio Solution File, Format Version 12.00
# Visual Studio Version 17
VisualStudioVersion = 17.5.33424.131
MinimumVisualStudioVersion = 10.0.40219.1
Project("{8BC9CEB8-8B4A-11D0-8D11-00A0C91BC942}") = "UM", "KernelUmCommLib\KernelUmCommLib.vcxproj", "{FE0BCC4F-E13D-464E-9314-D17437E35A21}"
EndProject
Project("{8BC9CEB8-8B4A-11D0-8D11-00A0C91BC942}") = "Driver", "Driver\Driver.vcxproj", "{26BF715B-2A45-4878-904A-00000A9E603E}"
EndProject
Global
	GlobalSection(SolutionConfigurationPlatforms) = preSolution
		Debug|ARM64 = Debug|ARM64
		Debug|x64 = Debug|x64
		Debug|x86 = Debug|x86
		Release|ARM64 = Release|ARM64
		Release|x64 = Release|x64
		Release|x86 = Release|x86
	EndGlobalSection
	GlobalSection(ProjectConfigurationPlatforms) = postSolution
		{FE0BCC4F-E13D-464E-9314-D17437E35A21}.Debug|ARM64.ActiveCfg = Debug|x64
		{FE0BCC4F-E13D-464E-9314-D17437E35A21}.Debug|ARM64.Build.0 = Debug|x64
		{FE0BCC4F-E13D-464E-9314-D17437E35A21}.Debug|x64.ActiveCfg = Debug|x64
		{FE0BCC4F-E13D-464E-9314-D17437E35A21}.Debug|x64.Build.0 = Debug|x64
		{FE0BCC4F-E13D-464E-9314-D17437E35A21}.Debug|x86.ActiveCfg = Debug|Win32
		{FE0BCC4F-E13D-464E-9314-D17437E35A21}.Debug|x86.Build.0 = Debug|Win32
		{FE0BCC4F-E13D-464E-9314-D17437E35A21}.Release|ARM64.ActiveCfg = Release|x64
		{FE0BCC4F-E13D-464E-9314-D17437E35A21}.Release|ARM64.Build.0 = Release|x64
		{FE0BCC4F-E13D-464E-9314-D17437E35A21}.Release|x64.ActiveCfg = Release|x64
		{FE0BCC4F-E13D-464E-9314-D17437E35A21}.Release|x64.Build.0 = Release|x64
		{FE0BCC4F-E13D-464E-9314-D17437E35A21}.Release|x86.ActiveCfg = Release|Win32
		{FE0BCC4F-E13D-464E-9314-D17437E35A21}.Release|x86.Build.0 = Release|Win32
		{26BF715B-2A45-4878-904A-00000A9E603E}.Debug|ARM64.ActiveCfg = Debug|ARM64
		{26BF715B-2A45-4878-904A-00000A9E603E}.Debug|ARM64.Build.0 = Debug|ARM64
		{26BF715B-2A45-4878-904A-00000A9E603E}.Debug|ARM64.Deploy.0 = Debug|ARM64
		{26BF715B-2A45-4878-904A-00000A9E603E}.Debug|x64.ActiveCfg = Debug|x64
		{26BF715B-2A45-4878-904A-00000A9E603E}.Debug|x64.Build.0 = Debug|x64
		{26BF715B-2A45-4878-904A-00000A9E603E}.Debug|x64.Deploy.0 = Debug|x64
		{26BF715B-2A45-4878-904A-00000A9E603E}.Debug|x86.ActiveCfg = Debug|x64
		{26BF715B-2A45-4878-904A-00000A9E603E}.Debug|x86.Build.0 = Debug|x64
		{26BF715B-2A45-4878-904A-00000A9E603E}.Debug|x86.Deploy.0 = Debug|x64
		{26BF715B-2A45-4878-904A-00000A9E603E}.Release|ARM64.ActiveCfg = Release|ARM64
		{26BF715B-2A45-4878-904A-00000A9E603E}.Release|ARM64.Build.0 = Release|ARM64
		{26BF715B-2A45-4878-904A-00000A9E603E}.Release|ARM64.Deploy.0 = Release|ARM64
		{26BF715B-2A45-4878-904A-00000A9E603E}.Release|x64.ActiveCfg = Release|x64
		{26BF715B-2A45-4878-904A-00000A9E603E}.Release|x64.Build.0 = Release|x64
		{26BF715B-2A45-4878-904A-00000A9E603E}.Release|x64.Deploy.0 = Release|x64
		{26BF715B-2A45-4878-904A-00000A9E603E}.Release|x86.ActiveCfg = Release|x64
		{26BF715B-2A45-4878-904A-00000A9E603E}.Release|x86.Build.0 = Release|x64
		{26BF715B-2A45-4878-904A-00000A9E603E}.Release|x86.Deploy.0 = Release|x64
	EndGlobalSection
	GlobalSection(SolutionProperties) = preSolution
		HideSolutionNode = FALSE
	EndGlobalSection
	GlobalSection(ExtensibilityGlobals) = postSolution
		SolutionGuid = {FC77229B-A8A3-4701-90A1-6CCA0A9024EA}
	EndGlobalSection
EndGlobal
